{
  "name": "tests",
  "lockfileVersion": 3,
  "requires": true,
  "packages": {
    "": {
      "devDependencies": {
        "@electric-sql/pglite": "0.3.10",
        "deno": "2.9.6"
      }
    },
    "node_modules/@deno/darwin-arm64": {
      "version": "2.9.6",
      "resolved": "https://registry.npmjs.org/@deno/darwin-arm64/-/darwin-arm64-2.9.6.tgz",
      "integrity": "sha512-V8uO1Aolrl/yvdMb5lOtgtigs8YuZBjrOrgviVMiYkQ0swymFfzkae1wZak4Xi24t7vf7d/eiMb/7ryjjVm+tg==",
      "cpu": [
        "arm64"
      ],
      "dev": true,
      "license": "MIT",
      "optional": true,
      "os": [
        "darwin"
      ]
    },
    "node_modules/@deno/darwin-x64": {
      "version": "2.9.6",
      "resolved": "https://registry.npmjs.org/@deno/darwin-x64/-/darwin-x64-2.9.6.tgz",
      "integrity": "sha512-tPi3CWPRdjW1MaWlvWjORE7Ass5SADdWdj1BF1Q1PEdzi+5u/mC5YhmZzniMiPr81PpaFeqjXaLAsfb8lFsZ0Q==",
      "cpu": [
        "x64"
      ],
      "dev": true,
      "license": "MIT",
      "optional": true,
      "os": [
        "darwin"
      ]
    },
    "node_modules/@deno/linux-arm64-glibc": {
      "version": "2.9.6",
      "resolved": "https://registry.npmjs.org/@deno/linux-arm64-glibc/-/linux-arm64-glibc-2.9.6.tgz",
      "integrity": "sha512-poqhoH9B3nYloigEMPT5t8HY+wBeiuea1An5Q7fqgJzP0SYmWsoS/oUnWO/pEiA4ofzIBy1Elt/in58xKtxEoQ==",
      "cpu": [
        "arm64"
      ],
      "dev": true,
      "license": "MIT",
      "optional": true,
      "os": [
        "linux"
      ]
    },
    "node_modules/@deno/linux-x64-glibc": {
      "version": "2.9.6",
      "resolved": "https://registry.npmjs.org/@deno/linux-x64-glibc/-/linux-x64-glibc-2.9.6.tgz",
      "integrity": "sha512-3md4TKLCuzsLDmfOoC5KN7NAZaxSVkMgm64vg6foD00JBADCpYS2/5QqXfzgnP5ZQz3iLP9vBQJtEgc116OAoQ==",
      "cpu": [
        "x64"
      ],
      "dev": true,
      "license": "MIT",
      "optional": true,
      "os": [
        "linux"
      ]
    },
    "node_modules/@deno/win32-arm64": {
      "version": "2.9.6",
      "resolved": "https://registry.npmjs.org/@deno/win32-arm64/-/win32-arm64-2.9.6.tgz",
      "integrity": "sha512-iHSHs89g2Uy6k0bGHmXkgzTIW8WXImYPpvqRRO/zNsK1/N79PcjvAth1TuQatuIALcLdocstPs/PAYtndbfr0A==",
      "cpu": [
        "arm64"
      ],
      "dev": true,
      "license": "MIT",
      "optional": true,
      "os": [
        "win32"
      ]
    },
    "node_modules/@deno/win32-x64": {
      "version": "2.9.6",
      "resolved": "https://registry.npmjs.org/@deno/win32-x64/-/win32-x64-2.9.6.tgz",
      "integrity": "sha512-qRGnmVz/Ea6UWPht/S3xFRK17UZ/ls38DSVfgGB17fpASLxPkksqzWUI/BzL9YYoOknYzfc94mySGyInZu/JXw==",
      "cpu": [
        "x64"
      ],
      "dev": true,
      "license": "MIT",
      "optional": true,
      "os": [
        "win32"
      ]
    },
    "node_modules/@electric-sql/pglite": {
      "version": "0.3.10",
      "resolved": "https://registry.npmjs.org/@electric-sql/pglite/-/pglite-0.3.10.tgz",
      "integrity": "sha512-1XtXXprd848aR4hvjNqBc3Gc86zNGmd60x+MgOUShbHYxt+J76N8A81DqTEl275T8xBD0vdTgqR/dJ4yJyz0NQ==",
      "dev": true,
      "license": "Apache-2.0"
    },
    "node_modules/deno": {
      "version": "2.9.6",
      "resolved": "https://registry.npmjs.org/deno/-/deno-2.9.6.tgz",
      "integrity": "sha512-cr16GxYiUeH1juNvFTMOxt99V5QRVmANfy5UsZvE5hjC6P/o4Op/MBbRhLeBOL8WJpV6tr9hb+Kjb1MW0nEoVg==",
      "dev": true,
      "hasInstallScript": true,
      "license": "MIT",
      "bin": {
        "deno": "bin.cjs"
      },
      "optionalDependencies": {
        "@deno/darwin-arm64": "2.9.6",
        "@deno/darwin-x64": "2.9.6",
        "@deno/linux-arm64-glibc": "2.9.6",
        "@deno/linux-x64-glibc": "2.9.6",
        "@deno/win32-arm64": "2.9.6",
        "@deno/win32-x64": "2.9.6"
      }
    }
  }
}
