{
  "version": "5",
  "specifiers": {
    "npm:@supabase/supabase-js@2.99.2": "2.99.2",
    "npm:jpeg-js@0.4.4": "0.4.4"
  },
  "npm": {
    "@supabase/auth-js@2.99.2": {
      "integrity": "sha512-uRGNXMKEw4VhwouNW7N0XDAGqJP9redHNDmWi17dTrcO1lvFfyRiXsqqfgnVC8aqtRn8kLkLPEzHjiRWsni+oQ==",
      "dependencies": [
        "tslib"
      ]
    },
    "@supabase/functions-js@2.99.2": {
      "integrity": "sha512-xuXQARvjdfB1UPK1yUceZ5EGjOLkVz4rBAaloS9foXiAuseWEdgWBCxkIAFRxGBLGX8Uzo8kseq90jhPb+07Vg==",
      "dependencies": [
        "tslib"
      ]
    },
    "@supabase/postgrest-js@2.99.2": {
      "integrity": "sha512-ueiOVkbkTQ7RskwVmjR8zxWYw3VKOMxo1+qep+Dx/SgApqyhWBGd92waQb45tbLc7ydB5x8El8utXOLQTuTojQ==",
      "dependencies": [
        "tslib"
      ]
    },
    "@supabase/realtime-js@2.99.2": {
      "integrity": "sha512-J6Jm9601dkpZf3+EJ48ki2pM4sFtCNm/BI0l8iEnrczgg+JSEQkMoOW5VSpM54t0pNs69bsz5PTmYJahDZKiIQ==",
      "dependencies": [
        "@types/phoenix",
        "@types/ws",
        "tslib",
        "ws"
      ]
    },
    "@supabase/storage-js@2.99.2": {
      "integrity": "sha512-V/FF8kX8JGSefsVCG1spCLSrHdNR/JFeUMn1jS9KG/Eizjx+evtdKQKLJXFgIylY/bKTXKhc2SYDPIGrIhzsug==",
      "dependencies": [
        "iceberg-js",
        "tslib"
      ]
    },
    "@supabase/supabase-js@2.99.2": {
      "integrity": "sha512-179rn5wq0wBAqqGwAwR7TUGg2NOaP+fkd5FCVbYJXby85fsRNPFoNJN8YRBepqX2tN7JJcnTjqaAMXuNjiyisA==",
      "dependencies": [
        "@supabase/auth-js",
        "@supabase/functions-js",
        "@supabase/postgrest-js",
        "@supabase/realtime-js",
        "@supabase/storage-js"
      ]
    },
    "@types/node@26.5.0": {
      "integrity": "sha512-dVSGpriSoCgz8WnDNTuSSuSv1PC/ALXihO4ulRZt7Md8k9mlbdin3lGOcDE8SnWOgf513ByWlXd7BK4azmyg/A==",
      "dependencies": [
        "undici-types"
      ]
    },
    "@types/phoenix@1.6.7": {
      "integrity": "sha512-oN9ive//QSBkf19rfDv45M7eZPi0eEXylht2OLEXicu5b4KoQ1OzXIw+xDSGWxSxe1JmepRR/ZH283vsu518/Q=="
    },
    "@types/ws@8.18.1": {
      "integrity": "sha512-ThVF6DCVhA8kUGy+aazFQ4kXQ7E1Ty7A3ypFOe0IcJV8O/M511G99AW24irKrW56Wt44yG9+ij8FaqoBGkuBXg==",
      "dependencies": [
        "@types/node"
      ]
    },
    "iceberg-js@0.8.1": {
      "integrity": "sha512-1dhVQZXhcHje7798IVM+xoo/1ZdVfzOMIc8/rgVSijRK38EDqOJoGula9N/8ZI5RD8QTxNQtK/Gozpr+qUqRRA=="
    },
    "jpeg-js@0.4.4": {
      "integrity": "sha512-WZzeDOEtTOBK4Mdsar0IqEU5sMr3vSV2RqkAIzUEV2BHnUfKGyswWFPFwK5EeDo93K3FohSHbLAjj0s1Wzd+dg=="
    },
    "tslib@2.8.1": {
      "integrity": "sha512-oJFu94HQb+KVduSUQL7wnpmqnfmLsOA/nAh6b6EH0wCEoK0/mPeXU6c3wKDV83MkOuHPRHtSXKKU99IBazS/2w=="
    },
    "undici-types@8.9.0": {
      "integrity": "sha512-KTDyRTYX8sWmKXAikPHHSyc63CRPETMctyjKFupcC6OBLXT3xsN0e9aF7m+mIXutFWpUXuedtowG7iLOzp0kQg=="
    },
    "ws@8.21.3": {
      "integrity": "sha512-201TZ/kPWxoPr/OKWjquZR1SWKXcvxdH+e1xrx89b3YbmzLMFCLfnaG1HFIgWzJOEWZ7MvpK++odZufgYR50Rw=="
    }
  },
  "workspace": {
    "dependencies": [
      "npm:@supabase/supabase-js@2.99.2",
      "npm:jpeg-js@0.4.4"
    ]
  }
}
